// !$*UTF8*$!
{
	archiveVersion = 1;
	classes = {
	};
	objectVersion = 56;
	objects = {

/* Begin PBXBuildFile section */
		C24E48A12A593AC9001CE747 /* AppDelegate.swift in Sources */ = {isa = PBXBuildFile; fileRef = C24E48A02A593AC9001CE747 /* AppDelegate.swift */; };
		C24E48A32A593AC9001CE747 /* SceneDelegate.swift in Sources */ = {isa = PBXBuildFile; fileRef = C24E48A22A593AC9001CE747 /* SceneDelegate.swift */; };
		C24E48A52A593AC9001CE747 /* ViewController.swift in Sources */ = {isa = PBXBuildFile; fileRef = C24E48A42A593AC9001CE747 /* ViewController.swift */; };
		C24E48A82A593AC9001CE747 /* Main.storyboard in Resources */ = {isa = PBXBuildFile; fileRef = C24E48A62A593AC9001CE747 /* Main.storyboard */; };
		C24E48AB2A593AC9001CE747 /* searchBar.xcdatamodeld in Sources */ = {isa = PBXBuildFile; fileRef = C24E48A92A593AC9001CE747 /* searchBar.xcdatamodeld */; };
		C24E48AD2A593ACA001CE747 /* Assets.xcassets in Resources */ = {isa = PBXBuildFile; fileRef = C24E48AC2A593ACA001CE747 /* Assets.xcassets */; };
		C24E48B02A593ACA001CE747 /* LaunchScreen.storyboard in Resources */ = {isa = PBXBuildFile; fileRef = C24E48AE2A593ACA001CE747 /* LaunchScreen.storyboard */; };
		C24E48BB2A593ACA001CE747 /* searchBarTests.swift in Sources */ = {isa = PBXBuildFile; fileRef = C24E48BA2A593ACA001CE747 /* searchBarTests.swift */; };
		C24E48C52A593ACA001CE747 /* searchBarUITests.swift in Sources */ = {isa = PBXBuildFile; fileRef = C24E48C42A593ACA001CE747 /* searchBarUITests.swift */; };
		C24E48C72A593ACA001CE747 /* searchBarUITestsLaunchTests.swift in Sources */ = {isa = PBXBuildFile; fileRef = C24E48C62A593ACA001CE747 /* searchBarUITestsLaunchTests.swift */; };
		C24E48D42A593C10001CE747 /* TableViewCell1.swift in Sources */ = {isa = PBXBuildFile; fileRef = C24E48D32A593C10001CE747 /* TableViewCell1.swift */; };
/* End PBXBuildFile section */

/* Begin PBXContainerItemProxy section */
		C24E48B72A593ACA001CE747 /* PBXContainerItemProxy */ = {
			isa = PBXContainerItemProxy;
			containerPortal = C24E48952A593AC9001CE747 /* Project object */;
			proxyType = 1;
			remoteGlobalIDString = C24E489C2A593AC9001CE747;
			remoteInfo = searchBar;
		};
		C24E48C12A593ACA001CE747 /* PBXContainerItemProxy */ = {
			isa = PBXContainerItemProxy;
			containerPortal = C24E48952A593AC9001CE747 /* Project object */;
			proxyType = 1;
			remoteGlobalIDString = C24E489C2A593AC9001CE747;
			remoteInfo = searchBar;
		};
/* End PBXContainerItemProxy section */

/* Begin PBXFileReference section */
		C24E489D2A593AC9001CE747 /* searchBar.app */ = {isa = PBXFileReference; explicitFileType = wrapper.application; includeInIndex = 0; path = searchBar.app; sourceTree = BUILT_PRODUCTS_DIR; };
		C24E48A02A593AC9001CE747 /* AppDelegate.swift */ = {isa = PBXFileReference; lastKnownFileType = sourcecode.swift; path = AppDelegate.swift; sourceTree = "<group>"; };
		C24E48A22A593AC9001CE747 /* SceneDelegate.swift */ = {isa = PBXFileReference; lastKnownFileType = sourcecode.swift; path = SceneDelegate.swift; sourceTree = "<group>"; };
		C24E48A42A593AC9001CE747 /* ViewController.swift */ = {isa = PBXFileReference; lastKnownFileType = sourcecode.swift; path = ViewController.swift; sourceTree = "<group>"; };
		C24E48A72A593AC9001CE747 /* Base */ = {isa = PBXFileReference; lastKnownFileType = file.storyboard; name = Base; path = Base.lproj/Main.storyboard; sourceTree = "<group>"; };
		C24E48AA2A593AC9001CE747 /* searchBar.xcdatamodel */ = {isa = PBXFileReference; lastKnownFileType = wrapper.xcdatamodel; path = searchBar.xcdatamodel; sourceTree = "<group>"; };
		C24E48AC2A593ACA001CE747 /* Assets.xcassets */ = {isa = PBXFileReference; lastKnownFileType = folder.assetcatalog; path = Assets.xcassets; sourceTree = "<group>"; };
		C24E48AF2A593ACA001CE747 /* Base */ = {isa = PBXFileReference; lastKnownFileType = file.storyboard; name = Base; path = Base.lproj/LaunchScreen.storyboard; sourceTree = "<group>"; };
		C24E48B12A593ACA001CE747 /* Info.plist */ = {isa = PBXFileReference; lastKnownFileType = text.plist.xml; path = Info.plist; sourceTree = "<group>"; };
		C24E48B62A593ACA001CE747 /* searchBarTests.xctest */ = {isa = PBXFileReference; explicitFileType = wrapper.cfbundle; includeInIndex = 0; path = searchBarTests.xctest; sourceTree = BUILT_PRODUCTS_DIR; };
		C24E48BA2A593ACA001CE747 /* searchBarTests.swift */ = {isa = PBXFileReference; lastKnownFileType = sourcecode.swift; path = searchBarTests.swift; sourceTree = "<group>"; };
		C24E48C02A593ACA001CE747 /* searchBarUITests.xctest */ = {isa = PBXFileReference; explicitFileType = wrapper.cfbundle; includeInIndex = 0; path = searchBarUITests.xctest; sourceTree = BUILT_PRODUCTS_DIR; };
		C24E48C42A593ACA001CE747 /* searchBarUITests.swift */ = {isa = PBXFileReference; lastKnownFileType = sourcecode.swift; path = searchBarUITests.swift; sourceTree = "<group>"; };
		C24E48C62A593ACA001CE747 /* searchBarUITestsLaunchTests.swift */ = {isa = PBXFileReference; lastKnownFileType = sourcecode.swift; path = searchBarUITestsLaunchTests.swift; sourceTree = "<group>"; };
		C24E48D32A593C10001CE747 /* TableViewCell1.swift */ = {isa = PBXFileReference; lastKnownFileType = sourcecode.swift; path = TableViewCell1.swift; sourceTree = "<group>"; };
/* End PBXFileReference section */

/* Begin PBXFrameworksBuildPhase section */
		C24E489A2A593AC9001CE747 /* Frameworks */ = {
			isa = PBXFrameworksBuildPhase;
			buildActionMask = 2147483647;
			files = (
			);
			runOnlyForDeploymentPostprocessing = 0;
		};
		C24E48B32A593ACA001CE747 /* Frameworks */ = {
			isa = PBXFrameworksBuildPhase;
			buildActionMask = 2147483647;
			files = (
			);
			runOnlyForDeploymentPostprocessing = 0;
		};
		C24E48BD2A593ACA001CE747 /* Frameworks */ = {
			isa = PBXFrameworksBuildPhase;
			buildActionMask = 2147483647;
			files = (
			);
			runOnlyForDeploymentPostprocessing = 0;
		};
/* End PBXFrameworksBuildPhase section */

/* Begin PBXGroup section */
		C24E48942A593AC9001CE747 = {
			isa = PBXGroup;
			children = (
				C24E489F2A593AC9001CE747 /* searchBar */,
				C24E48B92A593ACA001CE747 /* searchBarTests */,
				C24E48C32A593ACA001CE747 /* searchBarUITests */,
				C24E489E2A593AC9001CE747 /* Products */,
			);
			sourceTree = "<group>";
		};
		C24E489E2A593AC9001CE747 /* Products */ = {
			isa = PBXGroup;
			children = (
				C24E489D2A593AC9001CE747 /* searchBar.app */,
				C24E48B62A593ACA001CE747 /* searchBarTests.xctest */,
				C24E48C02A593ACA001CE747 /* searchBarUITests.xctest */,
			);
			name = Products;
			sourceTree = "<group>";
		};
		C24E489F2A593AC9001CE747 /* searchBar */ = {
			isa = PBXGroup;
			children = (
				C24E48A02A593AC9001CE747 /* AppDelegate.swift */,
				C24E48A22A593AC9001CE747 /* SceneDelegate.swift */,
				C24E48A42A593AC9001CE747 /* ViewController.swift */,
				C24E48A62A593AC9001CE747 /* Main.storyboard */,
				C24E48D32A593C10001CE747 /* TableViewCell1.swift */,
				C24E48AC2A593ACA001CE747 /* Assets.xcassets */,
				C24E48AE2A593ACA001CE747 /* LaunchScreen.storyboard */,
				C24E48B12A593ACA001CE747 /* Info.plist */,
				C24E48A92A593AC9001CE747 /* searchBar.xcdatamodeld */,
			);
			path = searchBar;
			sourceTree = "<group>";
		};
		C24E48B92A593ACA001CE747 /* searchBarTests */ = {
			isa = PBXGroup;
			children = (
				C24E48BA2A593ACA001CE747 /* searchBarTests.swift */,
			);
			path = searchBarTests;
			sourceTree = "<group>";
		};
		C24E48C32A593ACA001CE747 /* searchBarUITests */ = {
			isa = PBXGroup;
			children = (
				C24E48C42A593ACA001CE747 /* searchBarUITests.swift */,
				C24E48C62A593ACA001CE747 /* searchBarUITestsLaunchTests.swift */,
			);
			path = searchBarUITests;
			sourceTree = "<group>";
		};
/* End PBXGroup section */

/* Begin PBXNativeTarget section */
		C24E489C2A593AC9001CE747 /* searchBar */ = {
			isa = PBXNativeTarget;
			buildConfigurationList = C24E48CA2A593ACA001CE747 /* Build configuration list for PBXNativeTarget "searchBar" */;
			buildPhases = (
				C24E48992A593AC9001CE747 /* Sources */,
				C24E489A2A593AC9001CE747 /* Frameworks */,
				C24E489B2A593AC9001CE747 /* Resources */,
			);
			buildRules = (
			);
			dependencies = (
			);
			name = searchBar;
			productName = searchBar;
			productReference = C24E489D2A593AC9001CE747 /* searchBar.app */;
			productType = "com.apple.product-type.application";
		};
		C24E48B52A593ACA001CE747 /* searchBarTests */ = {
			isa = PBXNativeTarget;
			buildConfigurationList = C24E48CD2A593ACA001CE747 /* Build configuration list for PBXNativeTarget "searchBarTests" */;
			buildPhases = (
				C24E48B22A593ACA001CE747 /* Sources */,
				C24E48B32A593ACA001CE747 /* Frameworks */,
				C24E48B42A593ACA001CE747 /* Resources */,
			);
			buildRules = (
			);
			dependencies = (
				C24E48B82A593ACA001CE747 /* PBXTargetDependency */,
			);
			name = searchBarTests;
			productName = searchBarTests;
			productReference = C24E48B62A593ACA001CE747 /* searchBarTests.xctest */;
			productType = "com.apple.product-type.bundle.unit-test";
		};
		C24E48BF2A593ACA001CE747 /* searchBarUITests */ = {
			isa = PBXNativeTarget;
			buildConfigurationList = C24E48D02A593ACA001CE747 /* Build configuration list for PBXNativeTarget "searchBarUITests" */;
			buildPhases = (
				C24E48BC2A593ACA001CE747 /* Sources */,
				C24E48BD2A593ACA001CE747 /* Frameworks */,
				C24E48BE2A593ACA001CE747 /* Resources */,
			);
			buildRules = (
			);
			dependencies = (
				C24E48C22A593ACA001CE747 /* PBXTargetDependency */,
			);
			name = searchBarUITests;
			productName = searchBarUITests;
			productReference = C24E48C02A593ACA001CE747 /* searchBarUITests.xctest */;
			productType = "com.apple.product-type.bundle.ui-testing";
		};
/* End PBXNativeTarget section */

/* Begin PBXProject section */
		C24E48952A593AC9001CE747 /* Project object */ = {
			isa = PBXProject;
			attributes = {
				BuildIndependentTargetsInParallel = 1;
				LastSwiftUpdateCheck = 1430;
				LastUpgradeCheck = 1430;
				TargetAttributes = {
					C24E489C2A593AC9001CE747 = {
						CreatedOnToolsVersion = 14.3.1;
					};
					C24E48B52A593ACA001CE747 = {
						CreatedOnToolsVersion = 14.3.1;
						TestTargetID = C24E489C2A593AC9001CE747;
					};
					C24E48BF2A593ACA001CE747 = {
						CreatedOnToolsVersion = 14.3.1;
						TestTargetID = C24E489C2A593AC9001CE747;
					};
				};
			};
			buildConfigurationList = C24E48982A593AC9001CE747 /* Build configuration list for PBXProject "searchBar" */;
			compatibilityVersion = "Xcode 14.0";
			developmentRegion = en;
			hasScannedForEncodings = 0;
			knownRegions = (
				en,
				Base,
			);
			mainGroup = C24E48942A593AC9001CE747;
			productRefGroup = C24E489E2A593AC9001CE747 /* Products */;
			projectDirPath = "";
			projectRoot = "";
			targets = (
				C24E489C2A593AC9001CE747 /* searchBar */,
				C24E48B52A593ACA001CE747 /* searchBarTests */,
				C24E48BF2A593ACA001CE747 /* searchBarUITests */,
			);
		};
/* End PBXProject section */

/* Begin PBXResourcesBuildPhase section */
		C24E489B2A593AC9001CE747 /* Resources */ = {
			isa = PBXResourcesBuildPhase;
			buildActionMask = 2147483647;
			files = (
				C24E48B02A593ACA001CE747 /* LaunchScreen.storyboard in Resources */,
				C24E48AD2A593ACA001CE747 /* Assets.xcassets in Resources */,
				C24E48A82A593AC9001CE747 /* Main.storyboard in Resources */,
			);
			runOnlyForDeploymentPostprocessing = 0;
		};
		C24E48B42A593ACA001CE747 /* Resources */ = {
			isa = PBXResourcesBuildPhase;
			buildActionMask = 2147483647;
			files = (
			);
			runOnlyForDeploymentPostprocessing = 0;
		};
		C24E48BE2A593ACA001CE747 /* Resources */ = {
			isa = PBXResourcesBuildPhase;
			buildActionMask = 2147483647;
			files = (
			);
			runOnlyForDeploymentPostprocessing = 0;
		};
/* End PBXResourcesBuildPhase section */

/* Begin PBXSourcesBuildPhase section */
		C24E48992A593AC9001CE747 /* Sources */ = {
			isa = PBXSourcesBuildPhase;
			buildActionMask = 2147483647;
			files = (
				C24E48D42A593C10001CE747 /* TableViewCell1.swift in Sources */,
				C24E48A52A593AC9001CE747 /* ViewController.swift in Sources */,
				C24E48AB2A593AC9001CE747 /* searchBar.xcdatamodeld in Sources */,
				C24E48A12A593AC9001CE747 /* AppDelegate.swift in Sources */,
				C24E48A32A593AC9001CE747 /* SceneDelegate.swift in Sources */,
			);
			runOnlyForDeploymentPostprocessing = 0;
		};
		C24E48B22A593ACA001CE747 /* Sources */ = {
			isa = PBXSourcesBuildPhase;
			buildActionMask = 2147483647;
			files = (
				C24E48BB2A593ACA001CE747 /* searchBarTests.swift in Sources */,
			);
			runOnlyForDeploymentPostprocessing = 0;
		};
		C24E48BC2A593ACA001CE747 /* Sources */ = {
			isa = PBXSourcesBuildPhase;
			buildActionMask = 2147483647;
			files = (
				C24E48C72A593ACA001CE747 /* searchBarUITestsLaunchTests.swift in Sources */,
				C24E48C52A593ACA001CE747 /* searchBarUITests.swift in Sources */,
			);
			runOnlyForDeploymentPostprocessing = 0;
		};
/* End PBXSourcesBuildPhase section */

/* Begin PBXTargetDependency section */
		C24E48B82A593ACA001CE747 /* PBXTargetDependency */ = {
			isa = PBXTargetDependency;
			target = C24E489C2A593AC9001CE747 /* searchBar */;
			targetProxy = C24E48B72A593ACA001CE747 /* PBXContainerItemProxy */;
		};
		C24E48C22A593ACA001CE747 /* PBXTargetDependency */ = {
			isa = PBXTargetDependency;
			target = C24E489C2A593AC9001CE747 /* searchBar */;
			targetProxy = C24E48C12A593ACA001CE747 /* PBXContainerItemProxy */;
		};
/* End PBXTargetDependency section */

/* Begin PBXVariantGroup section */
		C24E48A62A593AC9001CE747 /* Main.storyboard */ = {
			isa = PBXVariantGroup;
			children = (
				C24E48A72A593AC9001CE747 /* Base */,
			);
			name = Main.storyboard;
			sourceTree = "<group>";
		};
		C24E48AE2A593ACA001CE747 /* LaunchScreen.storyboard */ = {
			isa = PBXVariantGroup;
			children = (
				C24E48AF2A593ACA001CE747 /* Base */,
			);
			name = LaunchScreen.storyboard;
			sourceTree = "<group>";
		};
/* End PBXVariantGroup section */

/* Begin XCBuildConfiguration section */
		C24E48C82A593ACA001CE747 /* Debug */ = {
			isa = XCBuildConfiguration;
			buildSettings = {
				ALWAYS_SEARCH_USER_PATHS = NO;
				CLANG_ANALYZER_NONNULL = YES;
				CLANG_ANALYZER_NUMBER_OBJECT_CONVERSION = YES_AGGRESSIVE;
				CLANG_CXX_LANGUAGE_STANDARD = "gnu++20";
				CLANG_ENABLE_MODULES = YES;
				CLANG_ENABLE_OBJC_ARC = YES;
				CLANG_ENABLE_OBJC_WEAK = YES;
				CLANG_WARN_BLOCK_CAPTURE_AUTORELEASING = YES;
				CLANG_WARN_BOOL_CONVERSION = YES;
				CLANG_WARN_COMMA = YES;
				CLANG_WARN_CONSTANT_CONVERSION = YES;
				CLANG_WARN_DEPRECATED_OBJC_IMPLEMENTATIONS = YES;
				CLANG_WARN_DIRECT_OBJC_ISA_USAGE = YES_ERROR;
				CLANG_WARN_DOCUMENTATION_COMMENTS = YES;
				CLANG_WARN_EMPTY_BODY = YES;
				CLANG_WARN_ENUM_CONVERSION = YES;
				CLANG_WARN_INFINITE_RECURSION = YES;
				CLANG_WARN_INT_CONVERSION = YES;
				CLANG_WARN_NON_LITERAL_NULL_CONVERSION = YES;
				CLANG_WARN_OBJC_IMPLICIT_RETAIN_SELF = YES;
				CLANG_WARN_OBJC_LITERAL_CONVERSION = YES;
				CLANG_WARN_OBJC_ROOT_CLASS = YES_ERROR;
				CLANG_WARN_QUOTED_INCLUDE_IN_FRAMEWORK_HEADER = YES;
				CLANG_WARN_RANGE_LOOP_ANALYSIS = YES;
				CLANG_WARN_STRICT_PROTOTYPES = YES;
				CLANG_WARN_SUSPICIOUS_MOVE = YES;
				CLANG_WARN_UNGUARDED_AVAILABILITY = YES_AGGRESSIVE;
				CLANG_WARN_UNREACHABLE_CODE = YES;
				CLANG_WARN__DUPLICATE_METHOD_MATCH = YES;
				COPY_PHASE_STRIP = NO;
				DEBUG_INFORMATION_FORMAT = dwarf;
				ENABLE_STRICT_OBJC_MSGSEND = YES;
				ENABLE_TESTABILITY = YES;
				GCC_C_LANGUAGE_STANDARD = gnu11;
				GCC_DYNAMIC_NO_PIC = NO;
				GCC_NO_COMMON_BLOCKS = YES;
				GCC_OPTIMIZATION_LEVEL = 0;
				GCC_PREPROCESSOR_DEFINITIONS = (
					"DEBUG=1",
					"$(inherited)",
				);
				GCC_WARN_64_TO_32_BIT_CONVERSION = YES;
				GCC_WARN_ABOUT_RETURN_TYPE = YES_ERROR;
				GCC_WARN_UNDECLARED_SELECTOR = YES;
				GCC_WARN_UNINITIALIZED_AUTOS = YES_AGGRESSIVE;
				GCC_WARN_UNUSED_FUNCTION = YES;
				GCC_WARN_UNUSED_VARIABLE = YES;
				IPHONEOS_DEPLOYMENT_TARGET = 16.4;
				MTL_ENABLE_DEBUG_INFO = INCLUDE_SOURCE;
				MTL_FAST_MATH = YES;
				ONLY_ACTIVE_ARCH = YES;
				SDKROOT = iphoneos;
				SWIFT_ACTIVE_COMPILATION_CONDITIONS = DEBUG;
				SWIFT_OPTIMIZATION_LEVEL = "-Onone";
			};
			name = Debug;
		};
		C24E48C92A593ACA001CE747 /* Release */ = {
			isa = XCBuildConfiguration;
			buildSettings = {
				ALWAYS_SEARCH_USER_PATHS = NO;
				CLANG_ANALYZER_NONNULL = YES;
				CLANG_ANALYZER_NUMBER_OBJECT_CONVERSION = YES_AGGRESSIVE;
				CLANG_CXX_LANGUAGE_STANDARD = "gnu++20";
				CLANG_ENABLE_MODULES = YES;
				CLANG_ENABLE_OBJC_ARC = YES;
				CLANG_ENABLE_OBJC_WEAK = YES;
				CLANG_WARN_BLOCK_CAPTURE_AUTORELEASING = YES;
				CLANG_WARN_BOOL_CONVERSION = YES;
				CLANG_WARN_COMMA = YES;
				CLANG_WARN_CONSTANT_CONVERSION = YES;
				CLANG_WARN_DEPRECATED_OBJC_IMPLEMENTATIONS = YES;
				CLANG_WARN_DIRECT_OBJC_ISA_USAGE = YES_ERROR;
				CLANG_WARN_DOCUMENTATION_COMMENTS = YES;
				CLANG_WARN_EMPTY_BODY = YES;
				CLANG_WARN_ENUM_CONVERSION = YES;
				CLANG_WARN_INFINITE_RECURSION = YES;
				CLANG_WARN_INT_CONVERSION = YES;
				CLANG_WARN_NON_LITERAL_NULL_CONVERSION = YES;
				CLANG_WARN_OBJC_IMPLICIT_RETAIN_SELF = YES;
				CLANG_WARN_OBJC_LITERAL_CONVERSION = YES;
				CLANG_WARN_OBJC_ROOT_CLASS = YES_ERROR;
				CLANG_WARN_QUOTED_INCLUDE_IN_FRAMEWORK_HEADER = YES;
				CLANG_WARN_RANGE_LOOP_ANALYSIS = YES;
				CLANG_WARN_STRICT_PROTOTYPES = YES;
				CLANG_WARN_SUSPICIOUS_MOVE = YES;
				CLANG_WARN_UNGUARDED_AVAILABILITY = YES_AGGRESSIVE;
				CLANG_WARN_UNREACHABLE_CODE = YES;
				CLANG_WARN__DUPLICATE_METHOD_MATCH = YES;
				COPY_PHASE_STRIP = NO;
				DEBUG_INFORMATION_FORMAT = "dwarf-with-dsym";
				ENABLE_NS_ASSERTIONS = NO;
				ENABLE_STRICT_OBJC_MSGSEND = YES;
				GCC_C_LANGUAGE_STANDARD = gnu11;
				GCC_NO_COMMON_BLOCKS = YES;
				GCC_WARN_64_TO_32_BIT_CONVERSION = YES;
				GCC_WARN_ABOUT_RETURN_TYPE = YES_ERROR;
				GCC_WARN_UNDECLARED_SELECTOR = YES;
				GCC_WARN_UNINITIALIZED_AUTOS = YES_AGGRESSIVE;
				GCC_WARN_UNUSED_FUNCTION = YES;
				GCC_WARN_UNUSED_VARIABLE = YES;
				IPHONEOS_DEPLOYMENT_TARGET = 16.4;
				MTL_ENABLE_DEBUG_INFO = NO;
				MTL_FAST_MATH = YES;
				SDKROOT = iphoneos;
				SWIFT_COMPILATION_MODE = wholemodule;
				SWIFT_OPTIMIZATION_LEVEL = "-O";
				VALIDATE_PRODUCT = YES;
			};
			name = Release;
		};
		C24E48CB2A593ACA001CE747 /* Debug */ = {
			isa = XCBuildConfiguration;
			buildSettings = {
				ASSETCATALOG_COMPILER_APPICON_NAME = AppIcon;
				ASSETCATALOG_COMPILER_GLOBAL_ACCENT_COLOR_NAME = AccentColor;
				CODE_SIGN_STYLE = Automatic;
				CURRENT_PROJECT_VERSION = 1;
				DEVELOPMENT_TEAM = 8C4A7746NA;
				GENERATE_INFOPLIST_FILE = YES;
				INFOPLIST_FILE = searchBar/Info.plist;
				INFOPLIST_KEY_UIApplicationSupportsIndirectInputEvents = YES;
				INFOPLIST_KEY_UILaunchStoryboardName = LaunchScreen;
				INFOPLIST_KEY_UIMainStoryboardFile = Main;
				INFOPLIST_KEY_UISupportedInterfaceOrientations_iPad = "UIInterfaceOrientationPortrait UIInterfaceOrientationPortraitUpsideDown UIInterfaceOrientationLandscapeLeft UIInterfaceOrientationLandscapeRight";
				INFOPLIST_KEY_UISupportedInterfaceOrientations_iPhone = "UIInterfaceOrientationPortrait UIInterfaceOrientationLandscapeLeft UIInterfaceOrientationLandscapeRight";
				LD_RUNPATH_SEARCH_PATHS = (
					"$(inherited)",
					"@executable_path/Frameworks",
				);
				MARKETING_VERSION = 1.0;
				PRODUCT_BUNDLE_IDENTIFIER = aniket.searchBar;
				PRODUCT_NAME = "$(TARGET_NAME)";
				SWIFT_EMIT_LOC_STRINGS = YES;
				SWIFT_VERSION = 5.0;
				TARGETED_DEVICE_FAMILY = "1,2";
			};
			name = Debug;
		};
		C24E48CC2A593ACA001CE747 /* Release */ = {
			isa = XCBuildConfiguration;
			buildSettings = {
				ASSETCATALOG_COMPILER_APPICON_NAME = AppIcon;
				ASSETCATALOG_COMPILER_GLOBAL_ACCENT_COLOR_NAME = AccentColor;
				CODE_SIGN_STYLE = Automatic;
				CURRENT_PROJECT_VERSION = 1;
				DEVELOPMENT_TEAM = 8C4A7746NA;
				GENERATE_INFOPLIST_FILE = YES;
				INFOPLIST_FILE = searchBar/Info.plist;
				INFOPLIST_KEY_UIApplicationSupportsIndirectInputEvents = YES;
				INFOPLIST_KEY_UILaunchStoryboardName = LaunchScreen;
				INFOPLIST_KEY_UIMainStoryboardFile = Main;
				INFOPLIST_KEY_UISupportedInterfaceOrientations_iPad = "UIInterfaceOrientationPortrait UIInterfaceOrientationPortraitUpsideDown UIInterfaceOrientationLandscapeLeft UIInterfaceOrientationLandscapeRight";
				INFOPLIST_KEY_UISupportedInterfaceOrientations_iPhone = "UIInterfaceOrientationPortrait UIInterfaceOrientationLandscapeLeft UIInterfaceOrientationLandscapeRight";
				LD_RUNPATH_SEARCH_PATHS = (
					"$(inherited)",
					"@executable_path/Frameworks",
				);
				MARKETING_VERSION = 1.0;
				PRODUCT_BUNDLE_IDENTIFIER = aniket.searchBar;
				PRODUCT_NAME = "$(TARGET_NAME)";
				SWIFT_EMIT_LOC_STRINGS = YES;
				SWIFT_VERSION = 5.0;
				TARGETED_DEVICE_FAMILY = "1,2";
			};
			name = Release;
		};
		C24E48CE2A593ACA001CE747 /* Debug */ = {
			isa = XCBuildConfiguration;
			buildSettings = {
				ALWAYS_EMBED_SWIFT_STANDARD_LIBRARIES = YES;
				BUNDLE_LOADER = "$(TEST_HOST)";
				CODE_SIGN_STYLE = Automatic;
				CURRENT_PROJECT_VERSION = 1;
				DEVELOPMENT_TEAM = 8C4A7746NA;
				GENERATE_INFOPLIST_FILE = YES;
				IPHONEOS_DEPLOYMENT_TARGET = 16.4;
				MARKETING_VERSION = 1.0;
				PRODUCT_BUNDLE_IDENTIFIER = aniket.searchBarTests;
				PRODUCT_NAME = "$(TARGET_NAME)";
				SWIFT_EMIT_LOC_STRINGS = NO;
				SWIFT_VERSION = 5.0;
				TARGETED_DEVICE_FAMILY = "1,2";
				TEST_HOST = "$(BUILT_PRODUCTS_DIR)/searchBar.app/$(BUNDLE_EXECUTABLE_FOLDER_PATH)/searchBar";
			};
			name = Debug;
		};
		C24E48CF2A593ACA001CE747 /* Release */ = {
			isa = XCBuildConfiguration;
			buildSettings = {
				ALWAYS_EMBED_SWIFT_STANDARD_LIBRARIES = YES;
				BUNDLE_LOADER = "$(TEST_HOST)";
				CODE_SIGN_STYLE = Automatic;
				CURRENT_PROJECT_VERSION = 1;
				DEVELOPMENT_TEAM = 8C4A7746NA;
				GENERATE_INFOPLIST_FILE = YES;
				IPHONEOS_DEPLOYMENT_TARGET = 16.4;
				MARKETING_VERSION = 1.0;
				PRODUCT_BUNDLE_IDENTIFIER = aniket.searchBarTests;
				PRODUCT_NAME = "$(TARGET_NAME)";
				SWIFT_EMIT_LOC_STRINGS = NO;
				SWIFT_VERSION = 5.0;
				TARGETED_DEVICE_FAMILY = "1,2";
				TEST_HOST = "$(BUILT_PRODUCTS_DIR)/searchBar.app/$(BUNDLE_EXECUTABLE_FOLDER_PATH)/searchBar";
			};
			name = Release;
		};
		C24E48D12A593ACA001CE747 /* Debug */ = {
			isa = XCBuildConfiguration;
			buildSettings = {
				ALWAYS_EMBED_SWIFT_STANDARD_LIBRARIES = YES;
				CODE_SIGN_STYLE = Automatic;
				CURRENT_PROJECT_VERSION = 1;
				DEVELOPMENT_TEAM = 8C4A7746NA;
				GENERATE_INFOPLIST_FILE = YES;
				MARKETING_VERSION = 1.0;
				PRODUCT_BUNDLE_IDENTIFIER = aniket.searchBarUITests;
				PRODUCT_NAME = "$(TARGET_NAME)";
				SWIFT_EMIT_LOC_STRINGS = NO;
				SWIFT_VERSION = 5.0;
				TARGETED_DEVICE_FAMILY = "1,2";
				TEST_TARGET_NAME = searchBar;
			};
			name = Debug;
		};
		C24E48D22A593ACA001CE747 /* Release */ = {
			isa = XCBuildConfiguration;
			buildSettings = {
				ALWAYS_EMBED_SWIFT_STANDARD_LIBRARIES = YES;
				CODE_SIGN_STYLE = Automatic;
				CURRENT_PROJECT_VERSION = 1;
				DEVELOPMENT_TEAM = 8C4A7746NA;
				GENERATE_INFOPLIST_FILE = YES;
				MARKETING_VERSION = 1.0;
				PRODUCT_BUNDLE_IDENTIFIER = aniket.searchBarUITests;
				PRODUCT_NAME = "$(TARGET_NAME)";
				SWIFT_EMIT_LOC_STRINGS = NO;
				SWIFT_VERSION = 5.0;
				TARGETED_DEVICE_FAMILY = "1,2";
				TEST_TARGET_NAME = searchBar;
			};
			name = Release;
		};
/* End XCBuildConfiguration section */

/* Begin XCConfigurationList section */
		C24E48982A593AC9001CE747 /* Build configuration list for PBXProject "searchBar" */ = {
			isa = XCConfigurationList;
			buildConfigurations = (
				C24E48C82A593ACA001CE747 /* Debug */,
				C24E48C92A593ACA001CE747 /* Release */,
			);
			defaultConfigurationIsVisible = 0;
			defaultConfigurationName = Release;
		};
		C24E48CA2A593ACA001CE747 /* Build configuration list for PBXNativeTarget "searchBar" */ = {
			isa = XCConfigurationList;
			buildConfigurations = (
				C24E48CB2A593ACA001CE747 /* Debug */,
				C24E48CC2A593ACA001CE747 /* Release */,
			);
			defaultConfigurationIsVisible = 0;
			defaultConfigurationName = Release;
		};
		C24E48CD2A593ACA001CE747 /* Build configuration list for PBXNativeTarget "searchBarTests" */ = {
			isa = XCConfigurationList;
			buildConfigurations = (
				C24E48CE2A593ACA001CE747 /* Debug */,
				C24E48CF2A593ACA001CE747 /* Release */,
			);
			defaultConfigurationIsVisible = 0;
			defaultConfigurationName = Release;
		};
		C24E48D02A593ACA001CE747 /* Build configuration list for PBXNativeTarget "searchBarUITests" */ = {
			isa = XCConfigurationList;
			buildConfigurations = (
				C24E48D12A593ACA001CE747 /* Debug */,
				C24E48D22A593ACA001CE747 /* Release */,
			);
			defaultConfigurationIsVisible = 0;
			defaultConfigurationName = Release;
		};
/* End XCConfigurationList section */

/* Begin XCVersionGroup section */
		C24E48A92A593AC9001CE747 /* searchBar.xcdatamodeld */ = {
			isa = XCVersionGroup;
			children = (
				C24E48AA2A593AC9001CE747 /* searchBar.xcdatamodel */,
			);
			currentVersion = C24E48AA2A593AC9001CE747 /* searchBar.xcdatamodel */;
			path = searchBar.xcdatamodeld;
			sourceTree = "<group>";
			versionGroupType = wrapper.xcdatamodel;
		};
/* End XCVersionGroup section */
	};
	rootObject = C24E48952A593AC9001CE747 /* Project object */;
}
